
Microsoft Visual Studio Solution File, Format Version 12.00
# Visual Studio 2015
Project("{FAE04EC0-301F-11D3-BF4B-00C04F79EFBC}") = "Roll a ball tutorial.CSharp", "Roll a ball tutorial.CSharp.csproj", "{B591C54E-DDEF-72D2-01AF-15DEB3AAE19D}"
EndProject
Global
	GlobalSection(SolutionConfigurationPlatforms) = preSolution
		Debug|Any CPU = Debug|Any CPU
		Release|Any CPU = Release|Any CPU
	EndGlobalSection
	GlobalSection(ProjectConfigurationPlatforms) = postSolution
		{B591C54E-DDEF-72D2-01AF-15DEB3AAE19D}.Debug|Any CPU.ActiveCfg = Debug|Any CPU
		{B591C54E-DDEF-72D2-01AF-15DEB3AAE19D}.Debug|Any CPU.Build.0 = Debug|Any CPU
		{B591C54E-DDEF-72D2-01AF-15DEB3AAE19D}.Release|Any CPU.ActiveCfg = Release|Any CPU
		{B591C54E-DDEF-72D2-01AF-15DEB3AAE19D}.Release|Any CPU.Build.0 = Release|Any CPU
	EndGlobalSection
	GlobalSection(SolutionProperties) = preSolution
		HideSolutionNode = FALSE
	EndGlobalSection
EndGlobal
